
Microsoft Visual Studio Solution File, Format Version 12.00
# Visual Studio Version 16
VisualStudioVersion = 16.0.31613.86
MinimumVisualStudioVersion = 10.0.40219.1
Project("{9A19103F-16F7-4668-BE54-9A1E7A4F7556}") = "SistemaBorrador", "SistemaBorrador\SistemaBorrador.csproj", "{BB74D7E8-ECCD-4143-A8C5-4D55E07020B2}"
EndProject
Global
	GlobalSection(SolutionConfigurationPlatforms) = preSolution
		Debug|Any CPU = Debug|Any CPU
		Release|Any CPU = Release|Any CPU
	EndGlobalSection
	GlobalSection(ProjectConfigurationPlatforms) = postSolution
		{BB74D7E8-ECCD-4143-A8C5-4D55E07020B2}.Debug|Any CPU.ActiveCfg = Debug|Any CPU
		{BB74D7E8-ECCD-4143-A8C5-4D55E07020B2}.Debug|Any CPU.Build.0 = Debug|Any CPU
		{BB74D7E8-ECCD-4143-A8C5-4D55E07020B2}.Release|Any CPU.ActiveCfg = Release|Any CPU
		{BB74D7E8-ECCD-4143-A8C5-4D55E07020B2}.Release|Any CPU.Build.0 = Release|Any CPU
	EndGlobalSection
	GlobalSection(SolutionProperties) = preSolution
		HideSolutionNode = FALSE
	EndGlobalSection
	GlobalSection(ExtensibilityGlobals) = postSolution
		SolutionGuid = {2314ADA4-F2D7-41FF-A38B-F08624952D7A}
	EndGlobalSection
EndGlobal
